
Microsoft Visual Studio Solution File, Format Version 12.00
# Visual Studio 15
VisualStudioVersion = 15.0.27428.2027
MinimumVisualStudioVersion = 10.0.40219.1
Project("{FAE04EC0-301F-11D3-BF4B-00C04F79EFBC}") = "Planets.Android", "Planets\Planets.Android\Planets.Android.csproj", "{734468AB-D251-4C08-BFE0-D2759F78323E}"
EndProject
Project("{FAE04EC0-301F-11D3-BF4B-00C04F79EFBC}") = "Planets.iOS", "Planets\Planets.iOS\Planets.iOS.csproj", "{69A33348-36CA-43DA-A603-154641D21DFE}"
EndProject
Project("{FAE04EC0-301F-11D3-BF4B-00C04F79EFBC}") = "Planets.UWP", "Planets\Planets.UWP\Planets.UWP.csproj", "{8740F2FC-E8E9-4C3C-BEED-590C16A4CB0B}"
EndProject
Project("{FAE04EC0-301F-11D3-BF4B-00C04F79EFBC}") = "Planets", "Planets\Planets\Planets.csproj", "{DE4C6BFA-C758-447B-8BE4-4F43BCFBA260}"
EndProject
Global
	GlobalSection(SolutionConfigurationPlatforms) = preSolution
		Ad-Hoc|Any CPU = Ad-Hoc|Any CPU
		Ad-Hoc|ARM = Ad-Hoc|ARM
		Ad-Hoc|iPhone = Ad-Hoc|iPhone
		Ad-Hoc|iPhoneSimulator = Ad-Hoc|iPhoneSimulator
		Ad-Hoc|x64 = Ad-Hoc|x64
		Ad-Hoc|x86 = Ad-Hoc|x86
		AppStore|Any CPU = AppStore|Any CPU
		AppStore|ARM = AppStore|ARM
		AppStore|iPhone = AppStore|iPhone
		AppStore|iPhoneSimulator = AppStore|iPhoneSimulator
		AppStore|x64 = AppStore|x64
		AppStore|x86 = AppStore|x86
		Debug|Any CPU = Debug|Any CPU
		Debug|ARM = Debug|ARM
		Debug|iPhone = Debug|iPhone
		Debug|iPhoneSimulator = Debug|iPhoneSimulator
		Debug|x64 = Debug|x64
		Debug|x86 = Debug|x86
		Release|Any CPU = Release|Any CPU
		Release|ARM = Release|ARM
		Release|iPhone = Release|iPhone
		Release|iPhoneSimulator = Release|iPhoneSimulator
		Release|x64 = Release|x64
		Release|x86 = Release|x86
	EndGlobalSection
	GlobalSection(ProjectConfigurationPlatforms) = postSolution
		{734468AB-D251-4C08-BFE0-D2759F78323E}.Ad-Hoc|Any CPU.ActiveCfg = Release|Any CPU
		{734468AB-D251-4C08-BFE0-D2759F78323E}.Ad-Hoc|Any CPU.Build.0 = Release|Any CPU
		{734468AB-D251-4C08-BFE0-D2759F78323E}.Ad-Hoc|Any CPU.Deploy.0 = Release|Any CPU
		{734468AB-D251-4C08-BFE0-D2759F78323E}.Ad-Hoc|ARM.ActiveCfg = Release|Any CPU
		{734468AB-D251-4C08-BFE0-D2759F78323E}.Ad-Hoc|ARM.Build.0 = Release|Any CPU
		{734468AB-D251-4C08-BFE0-D2759F78323E}.Ad-Hoc|ARM.Deploy.0 = Release|Any CPU
		{734468AB-D251-4C08-BFE0-D2759F78323E}.Ad-Hoc|iPhone.ActiveCfg = Release|Any CPU
		{734468AB-D251-4C08-BFE0-D2759F78323E}.Ad-Hoc|iPhone.Build.0 = Release|Any CPU
		{734468AB-D251-4C08-BFE0-D2759F78323E}.Ad-Hoc|iPhone.Deploy.0 = Release|Any CPU
		{734468AB-D251-4C08-BFE0-D2759F78323E}.Ad-Hoc|iPhoneSimulator.ActiveCfg = Release|Any CPU
		{734468AB-D251-4C08-BFE0-D2759F78323E}.Ad-Hoc|iPhoneSimulator.Build.0 = Release|Any CPU
		{734468AB-D251-4C08-BFE0-D2759F78323E}.Ad-Hoc|iPhoneSimulator.Deploy.0 = Release|Any CPU
		{734468AB-D251-4C08-BFE0-D2759F78323E}.Ad-Hoc|x64.ActiveCfg = Release|Any CPU
		{734468AB-D251-4C08-BFE0-D2759F78323E}.Ad-Hoc|x64.Build.0 = Release|Any CPU
		{734468AB-D251-4C08-BFE0-D2759F78323E}.Ad-Hoc|x64.Deploy.0 = Release|Any CPU
		{734468AB-D251-4C08-BFE0-D2759F78323E}.Ad-Hoc|x86.ActiveCfg = Release|Any CPU
		{734468AB-D251-4C08-BFE0-D2759F78323E}.Ad-Hoc|x86.Build.0 = Release|Any CPU
		{734468AB-D251-4C08-BFE0-D2759F78323E}.Ad-Hoc|x86.Deploy.0 = Release|Any CPU
		{734468AB-D251-4C08-BFE0-D2759F78323E}.AppStore|Any CPU.ActiveCfg = Release|Any CPU
		{734468AB-D251-4C08-BFE0-D2759F78323E}.AppStore|Any CPU.Build.0 = Release|Any CPU
		{734468AB-D251-4C08-BFE0-D2759F78323E}.AppStore|Any CPU.Deploy.0 = Release|Any CPU
		{734468AB-D251-4C08-BFE0-D2759F78323E}.AppStore|ARM.ActiveCfg = Release|Any CPU
		{734468AB-D251-4C08-BFE0-D2759F78323E}.AppStore|ARM.Build.0 = Release|Any CPU
		{734468AB-D251-4C08-BFE0-D2759F78323E}.AppStore|ARM.Deploy.0 = Release|Any CPU
		{734468AB-D251-4C08-BFE0-D2759F78323E}.AppStore|iPhone.ActiveCfg = Release|Any CPU
		{734468AB-D251-4C08-BFE0-D2759F78323E}.AppStore|iPhone.Build.0 = Release|Any CPU
		{734468AB-D251-4C08-BFE0-D2759F78323E}.AppStore|iPhone.Deploy.0 = Release|Any CPU
		{734468AB-D251-4C08-BFE0-D2759F78323E}.AppStore|iPhoneSimulator.ActiveCfg = Release|Any CPU
		{734468AB-D251-4C08-BFE0-D2759F78323E}.AppStore|iPhoneSimulator.Build.0 = Release|Any CPU
		{734468AB-D251-4C08-BFE0-D2759F78323E}.AppStore|iPhoneSimulator.Deploy.0 = Release|Any CPU
		{734468AB-D251-4C08-BFE0-D2759F78323E}.AppStore|x64.ActiveCfg = Release|Any CPU
		{734468AB-D251-4C08-BFE0-D2759F78323E}.AppStore|x64.Build.0 = Release|Any CPU
		{734468AB-D251-4C08-BFE0-D2759F78323E}.AppStore|x64.Deploy.0 = Release|Any CPU
		{734468AB-D251-4C08-BFE0-D2759F78323E}.AppStore|x86.ActiveCfg = Release|Any CPU
		{734468AB-D251-4C08-BFE0-D2759F78323E}.AppStore|x86.Build.0 = Release|Any CPU
		{734468AB-D251-4C08-BFE0-D2759F78323E}.AppStore|x86.Deploy.0 = Release|Any CPU
		{734468AB-D251-4C08-BFE0-D2759F78323E}.Debug|Any CPU.ActiveCfg = Debug|Any CPU
		{734468AB-D251-4C08-BFE0-D2759F78323E}.Debug|Any CPU.Build.0 = Debug|Any CPU
		{734468AB-D251-4C08-BFE0-D2759F78323E}.Debug|Any CPU.Deploy.0 = Debug|Any CPU
		{734468AB-D251-4C08-BFE0-D2759F78323E}.Debug|ARM.ActiveCfg = Debug|Any CPU
		{734468AB-D251-4C08-BFE0-D2759F78323E}.Debug|ARM.Build.0 = Debug|Any CPU
		{734468AB-D251-4C08-BFE0-D2759F78323E}.Debug|ARM.Deploy.0 = Debug|Any CPU
		{734468AB-D251-4C08-BFE0-D2759F78323E}.Debug|iPhone.ActiveCfg = Debug|Any CPU
		{734468AB-D251-4C08-BFE0-D2759F78323E}.Debug|iPhone.Build.0 = Debug|Any CPU
		{734468AB-D251-4C08-BFE0-D2759F78323E}.Debug|iPhone.Deploy.0 = Debug|Any CPU
		{734468AB-D251-4C08-BFE0-D2759F78323E}.Debug|iPhoneSimulator.ActiveCfg = Debug|Any CPU
		{734468AB-D251-4C08-BFE0-D2759F78323E}.Debug|iPhoneSimulator.Build.0 = Debug|Any CPU
		{734468AB-D251-4C08-BFE0-D2759F78323E}.Debug|iPhoneSimulator.Deploy.0 = Debug|Any CPU
		{734468AB-D251-4C08-BFE0-D2759F78323E}.Debug|x64.ActiveCfg = Debug|Any CPU
		{734468AB-D251-4C08-BFE0-D2759F78323E}.Debug|x64.Build.0 = Debug|Any CPU
		{734468AB-D251-4C08-BFE0-D2759F78323E}.Debug|x64.Deploy.0 = Debug|Any CPU
		{734468AB-D251-4C08-BFE0-D2759F78323E}.Debug|x86.ActiveCfg = Debug|Any CPU
		{734468AB-D251-4C08-BFE0-D2759F78323E}.Debug|x86.Build.0 = Debug|Any CPU
		{734468AB-D251-4C08-BFE0-D2759F78323E}.Debug|x86.Deploy.0 = Debug|Any CPU
		{734468AB-D251-4C08-BFE0-D2759F78323E}.Release|Any CPU.ActiveCfg = Release|Any CPU
		{734468AB-D251-4C08-BFE0-D2759F78323E}.Release|Any CPU.Build.0 = Release|Any CPU
		{734468AB-D251-4C08-BFE0-D2759F78323E}.Release|Any CPU.Deploy.0 = Release|Any CPU
		{734468AB-D251-4C08-BFE0-D2759F78323E}.Release|ARM.ActiveCfg = Release|Any CPU
		{734468AB-D251-4C08-BFE0-D2759F78323E}.Release|ARM.Build.0 = Release|Any CPU
		{734468AB-D251-4C08-BFE0-D2759F78323E}.Release|ARM.Deploy.0 = Release|Any CPU
		{734468AB-D251-4C08-BFE0-D2759F78323E}.Release|iPhone.ActiveCfg = Release|Any CPU
		{734468AB-D251-4C08-BFE0-D2759F78323E}.Release|iPhone.Build.0 = Release|Any CPU
		{734468AB-D251-4C08-BFE0-D2759F78323E}.Release|iPhone.Deploy.0 = Release|Any CPU
		{734468AB-D251-4C08-BFE0-D2759F78323E}.Release|iPhoneSimulator.ActiveCfg = Release|Any CPU
		{734468AB-D251-4C08-BFE0-D2759F78323E}.Release|iPhoneSimulator.Build.0 = Release|Any CPU
		{734468AB-D251-4C08-BFE0-D2759F78323E}.Release|iPhoneSimulator.Deploy.0 = Release|Any CPU
		{734468AB-D251-4C08-BFE0-D2759F78323E}.Release|x64.ActiveCfg = Release|Any CPU
		{734468AB-D251-4C08-BFE0-D2759F78323E}.Release|x64.Build.0 = Release|Any CPU
		{734468AB-D251-4C08-BFE0-D2759F78323E}.Release|x64.Deploy.0 = Release|Any CPU
		{734468AB-D251-4C08-BFE0-D2759F78323E}.Release|x86.ActiveCfg = Release|Any CPU
		{734468AB-D251-4C08-BFE0-D2759F78323E}.Release|x86.Build.0 = Release|Any CPU
		{734468AB-D251-4C08-BFE0-D2759F78323E}.Release|x86.Deploy.0 = Release|Any CPU
		{69A33348-36CA-43DA-A603-154641D21DFE}.Ad-Hoc|Any CPU.ActiveCfg = Ad-Hoc|iPhone
		{69A33348-36CA-43DA-A603-154641D21DFE}.Ad-Hoc|ARM.ActiveCfg = Ad-Hoc|iPhone
		{69A33348-36CA-43DA-A603-154641D21DFE}.Ad-Hoc|iPhone.ActiveCfg = Ad-Hoc|iPhone
		{69A33348-36CA-43DA-A603-154641D21DFE}.Ad-Hoc|iPhone.Build.0 = Ad-Hoc|iPhone
		{69A33348-36CA-43DA-A603-154641D21DFE}.Ad-Hoc|iPhoneSimulator.ActiveCfg = Ad-Hoc|iPhoneSimulator
		{69A33348-36CA-43DA-A603-154641D21DFE}.Ad-Hoc|iPhoneSimulator.Build.0 = Ad-Hoc|iPhoneSimulator
		{69A33348-36CA-43DA-A603-154641D21DFE}.Ad-Hoc|x64.ActiveCfg = Ad-Hoc|iPhone
		{69A33348-36CA-43DA-A603-154641D21DFE}.Ad-Hoc|x86.ActiveCfg = Ad-Hoc|iPhone
		{69A33348-36CA-43DA-A603-154641D21DFE}.AppStore|Any CPU.ActiveCfg = AppStore|iPhone
		{69A33348-36CA-43DA-A603-154641D21DFE}.AppStore|ARM.ActiveCfg = AppStore|iPhone
		{69A33348-36CA-43DA-A603-154641D21DFE}.AppStore|iPhone.ActiveCfg = AppStore|iPhone
		{69A33348-36CA-43DA-A603-154641D21DFE}.AppStore|iPhone.Build.0 = AppStore|iPhone
		{69A33348-36CA-43DA-A603-154641D21DFE}.AppStore|iPhoneSimulator.ActiveCfg = AppStore|iPhoneSimulator
		{69A33348-36CA-43DA-A603-154641D21DFE}.AppStore|iPhoneSimulator.Build.0 = AppStore|iPhoneSimulator
		{69A33348-36CA-43DA-A603-154641D21DFE}.AppStore|x64.ActiveCfg = AppStore|iPhone
		{69A33348-36CA-43DA-A603-154641D21DFE}.AppStore|x86.ActiveCfg = AppStore|iPhone
		{69A33348-36CA-43DA-A603-154641D21DFE}.Debug|Any CPU.ActiveCfg = Debug|iPhone
		{69A33348-36CA-43DA-A603-154641D21DFE}.Debug|ARM.ActiveCfg = Debug|iPhone
		{69A33348-36CA-43DA-A603-154641D21DFE}.Debug|iPhone.ActiveCfg = Debug|iPhone
		{69A33348-36CA-43DA-A603-154641D21DFE}.Debug|iPhone.Build.0 = Debug|iPhone
		{69A33348-36CA-43DA-A603-154641D21DFE}.Debug|iPhoneSimulator.ActiveCfg = Debug|iPhoneSimulator
		{69A33348-36CA-43DA-A603-154641D21DFE}.Debug|iPhoneSimulator.Build.0 = Debug|iPhoneSimulator
		{69A33348-36CA-43DA-A603-154641D21DFE}.Debug|x64.ActiveCfg = Debug|iPhone
		{69A33348-36CA-43DA-A603-154641D21DFE}.Debug|x86.ActiveCfg = Debug|iPhone
		{69A33348-36CA-43DA-A603-154641D21DFE}.Release|Any CPU.ActiveCfg = Release|iPhone
		{69A33348-36CA-43DA-A603-154641D21DFE}.Release|ARM.ActiveCfg = Release|iPhone
		{69A33348-36CA-43DA-A603-154641D21DFE}.Release|iPhone.ActiveCfg = Release|iPhone
		{69A33348-36CA-43DA-A603-154641D21DFE}.Release|iPhone.Build.0 = Release|iPhone
		{69A33348-36CA-43DA-A603-154641D21DFE}.Release|iPhoneSimulator.ActiveCfg = Release|iPhoneSimulator
		{69A33348-36CA-43DA-A603-154641D21DFE}.Release|iPhoneSimulator.Build.0 = Release|iPhoneSimulator
		{69A33348-36CA-43DA-A603-154641D21DFE}.Release|x64.ActiveCfg = Release|iPhone
		{69A33348-36CA-43DA-A603-154641D21DFE}.Release|x86.ActiveCfg = Release|iPhone
		{8740F2FC-E8E9-4C3C-BEED-590C16A4CB0B}.Ad-Hoc|Any CPU.ActiveCfg = Release|x86
		{8740F2FC-E8E9-4C3C-BEED-590C16A4CB0B}.Ad-Hoc|Any CPU.Build.0 = Release|x86
		{8740F2FC-E8E9-4C3C-BEED-590C16A4CB0B}.Ad-Hoc|Any CPU.Deploy.0 = Release|x86
		{8740F2FC-E8E9-4C3C-BEED-590C16A4CB0B}.Ad-Hoc|ARM.ActiveCfg = Release|ARM
		{8740F2FC-E8E9-4C3C-BEED-590C16A4CB0B}.Ad-Hoc|ARM.Build.0 = Release|ARM
		{8740F2FC-E8E9-4C3C-BEED-590C16A4CB0B}.Ad-Hoc|ARM.Deploy.0 = Release|ARM
		{8740F2FC-E8E9-4C3C-BEED-590C16A4CB0B}.Ad-Hoc|iPhone.ActiveCfg = Release|x86
		{8740F2FC-E8E9-4C3C-BEED-590C16A4CB0B}.Ad-Hoc|iPhone.Build.0 = Release|x86
		{8740F2FC-E8E9-4C3C-BEED-590C16A4CB0B}.Ad-Hoc|iPhone.Deploy.0 = Release|x86
		{8740F2FC-E8E9-4C3C-BEED-590C16A4CB0B}.Ad-Hoc|iPhoneSimulator.ActiveCfg = Release|x86
		{8740F2FC-E8E9-4C3C-BEED-590C16A4CB0B}.Ad-Hoc|iPhoneSimulator.Build.0 = Release|x86
		{8740F2FC-E8E9-4C3C-BEED-590C16A4CB0B}.Ad-Hoc|iPhoneSimulator.Deploy.0 = Release|x86
		{8740F2FC-E8E9-4C3C-BEED-590C16A4CB0B}.Ad-Hoc|x64.ActiveCfg = Release|x64
		{8740F2FC-E8E9-4C3C-BEED-590C16A4CB0B}.Ad-Hoc|x64.Build.0 = Release|x64
		{8740F2FC-E8E9-4C3C-BEED-590C16A4CB0B}.Ad-Hoc|x64.Deploy.0 = Release|x64
		{8740F2FC-E8E9-4C3C-BEED-590C16A4CB0B}.Ad-Hoc|x86.ActiveCfg = Release|x86
		{8740F2FC-E8E9-4C3C-BEED-590C16A4CB0B}.Ad-Hoc|x86.Build.0 = Release|x86
		{8740F2FC-E8E9-4C3C-BEED-590C16A4CB0B}.Ad-Hoc|x86.Deploy.0 = Release|x86
		{8740F2FC-E8E9-4C3C-BEED-590C16A4CB0B}.AppStore|Any CPU.ActiveCfg = Release|x86
		{8740F2FC-E8E9-4C3C-BEED-590C16A4CB0B}.AppStore|Any CPU.Build.0 = Release|x86
		{8740F2FC-E8E9-4C3C-BEED-590C16A4CB0B}.AppStore|Any CPU.Deploy.0 = Release|x86
		{8740F2FC-E8E9-4C3C-BEED-590C16A4CB0B}.AppStore|ARM.ActiveCfg = Release|ARM
		{8740F2FC-E8E9-4C3C-BEED-590C16A4CB0B}.AppStore|ARM.Build.0 = Release|ARM
		{8740F2FC-E8E9-4C3C-BEED-590C16A4CB0B}.AppStore|ARM.Deploy.0 = Release|ARM
		{8740F2FC-E8E9-4C3C-BEED-590C16A4CB0B}.AppStore|iPhone.ActiveCfg = Release|x86
		{8740F2FC-E8E9-4C3C-BEED-590C16A4CB0B}.AppStore|iPhone.Build.0 = Release|x86
		{8740F2FC-E8E9-4C3C-BEED-590C16A4CB0B}.AppStore|iPhone.Deploy.0 = Release|x86
		{8740F2FC-E8E9-4C3C-BEED-590C16A4CB0B}.AppStore|iPhoneSimulator.ActiveCfg = Release|x86
		{8740F2FC-E8E9-4C3C-BEED-590C16A4CB0B}.AppStore|iPhoneSimulator.Build.0 = Release|x86
		{8740F2FC-E8E9-4C3C-BEED-590C16A4CB0B}.AppStore|iPhoneSimulator.Deploy.0 = Release|x86
		{8740F2FC-E8E9-4C3C-BEED-590C16A4CB0B}.AppStore|x64.ActiveCfg = Release|x64
		{8740F2FC-E8E9-4C3C-BEED-590C16A4CB0B}.AppStore|x64.Build.0 = Release|x64
		{8740F2FC-E8E9-4C3C-BEED-590C16A4CB0B}.AppStore|x64.Deploy.0 = Release|x64
		{8740F2FC-E8E9-4C3C-BEED-590C16A4CB0B}.AppStore|x86.ActiveCfg = Release|x86
		{8740F2FC-E8E9-4C3C-BEED-590C16A4CB0B}.AppStore|x86.Build.0 = Release|x86
		{8740F2FC-E8E9-4C3C-BEED-590C16A4CB0B}.AppStore|x86.Deploy.0 = Release|x86
		{8740F2FC-E8E9-4C3C-BEED-590C16A4CB0B}.Debug|Any CPU.ActiveCfg = Debug|x86
		{8740F2FC-E8E9-4C3C-BEED-590C16A4CB0B}.Debug|ARM.ActiveCfg = Debug|ARM
		{8740F2FC-E8E9-4C3C-BEED-590C16A4CB0B}.Debug|ARM.Build.0 = Debug|ARM
		{8740F2FC-E8E9-4C3C-BEED-590C16A4CB0B}.Debug|ARM.Deploy.0 = Debug|ARM
		{8740F2FC-E8E9-4C3C-BEED-590C16A4CB0B}.Debug|iPhone.ActiveCfg = Debug|x86
		{8740F2FC-E8E9-4C3C-BEED-590C16A4CB0B}.Debug|iPhoneSimulator.ActiveCfg = Debug|x86
		{8740F2FC-E8E9-4C3C-BEED-590C16A4CB0B}.Debug|x64.ActiveCfg = Debug|x64
		{8740F2FC-E8E9-4C3C-BEED-590C16A4CB0B}.Debug|x64.Build.0 = Debug|x64
		{8740F2FC-E8E9-4C3C-BEED-590C16A4CB0B}.Debug|x64.Deploy.0 = Debug|x64
		{8740F2FC-E8E9-4C3C-BEED-590C16A4CB0B}.Debug|x86.ActiveCfg = Debug|x86
		{8740F2FC-E8E9-4C3C-BEED-590C16A4CB0B}.Debug|x86.Build.0 = Debug|x86
		{8740F2FC-E8E9-4C3C-BEED-590C16A4CB0B}.Debug|x86.Deploy.0 = Debug|x86
		{8740F2FC-E8E9-4C3C-BEED-590C16A4CB0B}.Release|Any CPU.ActiveCfg = Release|x86
		{8740F2FC-E8E9-4C3C-BEED-590C16A4CB0B}.Release|ARM.ActiveCfg = Release|ARM
		{8740F2FC-E8E9-4C3C-BEED-590C16A4CB0B}.Release|ARM.Build.0 = Release|ARM
		{8740F2FC-E8E9-4C3C-BEED-590C16A4CB0B}.Release|ARM.Deploy.0 = Release|ARM
		{8740F2FC-E8E9-4C3C-BEED-590C16A4CB0B}.Release|iPhone.ActiveCfg = Release|x86
		{8740F2FC-E8E9-4C3C-BEED-590C16A4CB0B}.Release|iPhoneSimulator.ActiveCfg = Release|x86
		{8740F2FC-E8E9-4C3C-BEED-590C16A4CB0B}.Release|x64.ActiveCfg = Release|x64
		{8740F2FC-E8E9-4C3C-BEED-590C16A4CB0B}.Release|x64.Build.0 = Release|x64
		{8740F2FC-E8E9-4C3C-BEED-590C16A4CB0B}.Release|x64.Deploy.0 = Release|x64
		{8740F2FC-E8E9-4C3C-BEED-590C16A4CB0B}.Release|x86.ActiveCfg = Release|x86
		{8740F2FC-E8E9-4C3C-BEED-590C16A4CB0B}.Release|x86.Build.0 = Release|x86
		{8740F2FC-E8E9-4C3C-BEED-590C16A4CB0B}.Release|x86.Deploy.0 = Release|x86
		{DE4C6BFA-C758-447B-8BE4-4F43BCFBA260}.Ad-Hoc|Any CPU.ActiveCfg = Debug|Any CPU
		{DE4C6BFA-C758-447B-8BE4-4F43BCFBA260}.Ad-Hoc|Any CPU.Build.0 = Debug|Any CPU
		{DE4C6BFA-C758-447B-8BE4-4F43BCFBA260}.Ad-Hoc|ARM.ActiveCfg = Debug|Any CPU
		{DE4C6BFA-C758-447B-8BE4-4F43BCFBA260}.Ad-Hoc|ARM.Build.0 = Debug|Any CPU
		{DE4C6BFA-C758-447B-8BE4-4F43BCFBA260}.Ad-Hoc|iPhone.ActiveCfg = Debug|Any CPU
		{DE4C6BFA-C758-447B-8BE4-4F43BCFBA260}.Ad-Hoc|iPhone.Build.0 = Debug|Any CPU
		{DE4C6BFA-C758-447B-8BE4-4F43BCFBA260}.Ad-Hoc|iPhoneSimulator.ActiveCfg = Debug|Any CPU
		{DE4C6BFA-C758-447B-8BE4-4F43BCFBA260}.Ad-Hoc|iPhoneSimulator.Build.0 = Debug|Any CPU
		{DE4C6BFA-C758-447B-8BE4-4F43BCFBA260}.Ad-Hoc|x64.ActiveCfg = Debug|Any CPU
		{DE4C6BFA-C758-447B-8BE4-4F43BCFBA260}.Ad-Hoc|x64.Build.0 = Debug|Any CPU
		{DE4C6BFA-C758-447B-8BE4-4F43BCFBA260}.Ad-Hoc|x86.ActiveCfg = Debug|Any CPU
		{DE4C6BFA-C758-447B-8BE4-4F43BCFBA260}.Ad-Hoc|x86.Build.0 = Debug|Any CPU
		{DE4C6BFA-C758-447B-8BE4-4F43BCFBA260}.AppStore|Any CPU.ActiveCfg = Debug|Any CPU
		{DE4C6BFA-C758-447B-8BE4-4F43BCFBA260}.AppStore|Any CPU.Build.0 = Debug|Any CPU
		{DE4C6BFA-C758-447B-8BE4-4F43BCFBA260}.AppStore|ARM.ActiveCfg = Debug|Any CPU
		{DE4C6BFA-C758-447B-8BE4-4F43BCFBA260}.AppStore|ARM.Build.0 = Debug|Any CPU
		{DE4C6BFA-C758-447B-8BE4-4F43BCFBA260}.AppStore|iPhone.ActiveCfg = Debug|Any CPU
		{DE4C6BFA-C758-447B-8BE4-4F43BCFBA260}.AppStore|iPhone.Build.0 = Debug|Any CPU
		{DE4C6BFA-C758-447B-8BE4-4F43BCFBA260}.AppStore|iPhoneSimulator.ActiveCfg = Debug|Any CPU
		{DE4C6BFA-C758-447B-8BE4-4F43BCFBA260}.AppStore|iPhoneSimulator.Build.0 = Debug|Any CPU
		{DE4C6BFA-C758-447B-8BE4-4F43BCFBA260}.AppStore|x64.ActiveCfg = Debug|Any CPU
		{DE4C6BFA-C758-447B-8BE4-4F43BCFBA260}.AppStore|x64.Build.0 = Debug|Any CPU
		{DE4C6BFA-C758-447B-8BE4-4F43BCFBA260}.AppStore|x86.ActiveCfg = Debug|Any CPU
		{DE4C6BFA-C758-447B-8BE4-4F43BCFBA260}.AppStore|x86.Build.0 = Debug|Any CPU
		{DE4C6BFA-C758-447B-8BE4-4F43BCFBA260}.Debug|Any CPU.ActiveCfg = Debug|Any CPU
		{DE4C6BFA-C758-447B-8BE4-4F43BCFBA260}.Debug|Any CPU.Build.0 = Debug|Any CPU
		{DE4C6BFA-C758-447B-8BE4-4F43BCFBA260}.Debug|ARM.ActiveCfg = Debug|Any CPU
		{DE4C6BFA-C758-447B-8BE4-4F43BCFBA260}.Debug|ARM.Build.0 = Debug|Any CPU
		{DE4C6BFA-C758-447B-8BE4-4F43BCFBA260}.Debug|iPhone.ActiveCfg = Debug|Any CPU
		{DE4C6BFA-C758-447B-8BE4-4F43BCFBA260}.Debug|iPhone.Build.0 = Debug|Any CPU
		{DE4C6BFA-C758-447B-8BE4-4F43BCFBA260}.Debug|iPhoneSimulator.ActiveCfg = Debug|Any CPU
		{DE4C6BFA-C758-447B-8BE4-4F43BCFBA260}.Debug|iPhoneSimulator.Build.0 = Debug|Any CPU
		{DE4C6BFA-C758-447B-8BE4-4F43BCFBA260}.Debug|x64.ActiveCfg = Debug|Any CPU
		{DE4C6BFA-C758-447B-8BE4-4F43BCFBA260}.Debug|x64.Build.0 = Debug|Any CPU
		{DE4C6BFA-C758-447B-8BE4-4F43BCFBA260}.Debug|x86.ActiveCfg = Debug|Any CPU
		{DE4C6BFA-C758-447B-8BE4-4F43BCFBA260}.Debug|x86.Build.0 = Debug|Any CPU
		{DE4C6BFA-C758-447B-8BE4-4F43BCFBA260}.Release|Any CPU.ActiveCfg = Release|Any CPU
		{DE4C6BFA-C758-447B-8BE4-4F43BCFBA260}.Release|Any CPU.Build.0 = Release|Any CPU
		{DE4C6BFA-C758-447B-8BE4-4F43BCFBA260}.Release|ARM.ActiveCfg = Release|Any CPU
		{DE4C6BFA-C758-447B-8BE4-4F43BCFBA260}.Release|ARM.Build.0 = Release|Any CPU
		{DE4C6BFA-C758-447B-8BE4-4F43BCFBA260}.Release|iPhone.ActiveCfg = Release|Any CPU
		{DE4C6BFA-C758-447B-8BE4-4F43BCFBA260}.Release|iPhone.Build.0 = Release|Any CPU
		{DE4C6BFA-C758-447B-8BE4-4F43BCFBA260}.Release|iPhoneSimulator.ActiveCfg = Release|Any CPU
		{DE4C6BFA-C758-447B-8BE4-4F43BCFBA260}.Release|iPhoneSimulator.Build.0 = Release|Any CPU
		{DE4C6BFA-C758-447B-8BE4-4F43BCFBA260}.Release|x64.ActiveCfg = Release|Any CPU
		{DE4C6BFA-C758-447B-8BE4-4F43BCFBA260}.Release|x64.Build.0 = Release|Any CPU
		{DE4C6BFA-C758-447B-8BE4-4F43BCFBA260}.Release|x86.ActiveCfg = Release|Any CPU
		{DE4C6BFA-C758-447B-8BE4-4F43BCFBA260}.Release|x86.Build.0 = Release|Any CPU
	EndGlobalSection
	GlobalSection(SolutionProperties) = preSolution
		HideSolutionNode = FALSE
	EndGlobalSection
	GlobalSection(ExtensibilityGlobals) = postSolution
		SolutionGuid = {49FA56BF-9EB5-4C57-BC75-75B32B08E042}
	EndGlobalSection
EndGlobal
